// !$*UTF8*$!
{
	archiveVersion = 1;
	classes = {
	};
	objectVersion = 46;
	objects = {

/* Begin PBXBuildFile section */
		9D37B4531A3FE6FE00B13AAD /* AppDelegate.swift in Sources */ = {isa = PBXBuildFile; fileRef = 9D37B4521A3FE6FE00B13AAD /* AppDelegate.swift */; };
		9D37B4561A3FE6FE00B13AAD /* WeatherAll.xcdatamodeld in Sources */ = {isa = PBXBuildFile; fileRef = 9D37B4541A3FE6FE00B13AAD /* WeatherAll.xcdatamodeld */; };
		9D37B4581A3FE6FE00B13AAD /* MasterViewController.swift in Sources */ = {isa = PBXBuildFile; fileRef = 9D37B4571A3FE6FE00B13AAD /* MasterViewController.swift */; };
		9D37B45A1A3FE6FE00B13AAD /* DetailViewController.swift in Sources */ = {isa = PBXBuildFile; fileRef = 9D37B4591A3FE6FE00B13AAD /* DetailViewController.swift */; };
		9D37B45D1A3FE6FE00B13AAD /* Main.storyboard in Resources */ = {isa = PBXBuildFile; fileRef = 9D37B45B1A3FE6FE00B13AAD /* Main.storyboard */; };
		9D37B45F1A3FE6FE00B13AAD /* Images.xcassets in Resources */ = {isa = PBXBuildFile; fileRef = 9D37B45E1A3FE6FE00B13AAD /* Images.xcassets */; };
		9D37B4621A3FE6FE00B13AAD /* LaunchScreen.xib in Resources */ = {isa = PBXBuildFile; fileRef = 9D37B4601A3FE6FE00B13AAD /* LaunchScreen.xib */; };
		9D37B46E1A3FE6FE00B13AAD /* WeatherAllTests.swift in Sources */ = {isa = PBXBuildFile; fileRef = 9D37B46D1A3FE6FE00B13AAD /* WeatherAllTests.swift */; };
		9D8E401B1A4034F0006901A0 /* HTTPRequestSerializer.swift in Sources */ = {isa = PBXBuildFile; fileRef = 9D8E40161A4034F0006901A0 /* HTTPRequestSerializer.swift */; };
		9D8E401C1A4034F0006901A0 /* HTTPResponseSerializer.swift in Sources */ = {isa = PBXBuildFile; fileRef = 9D8E40171A4034F0006901A0 /* HTTPResponseSerializer.swift */; };
		9D8E401D1A4034F0006901A0 /* HTTPTask.swift in Sources */ = {isa = PBXBuildFile; fileRef = 9D8E40181A4034F0006901A0 /* HTTPTask.swift */; };
		9D8E401E1A4034F0006901A0 /* HTTPUpload.swift in Sources */ = {isa = PBXBuildFile; fileRef = 9D8E40191A4034F0006901A0 /* HTTPUpload.swift */; };
		9D8E40201A403705006901A0 /* ZhihuNewsItem.swift in Sources */ = {isa = PBXBuildFile; fileRef = 9D8E401F1A403705006901A0 /* ZhihuNewsItem.swift */; };
		9DA8CE221A56789C000065AE /* grapes.ico in Resources */ = {isa = PBXBuildFile; fileRef = 9DA8CE211A56789C000065AE /* grapes.ico */; };
		9DA8CE241A5684A4000065AE /* nn.jpg in Resources */ = {isa = PBXBuildFile; fileRef = 9DA8CE231A5684A4000065AE /* nn.jpg */; };
		9DA8CE281A56CB86000065AE /* MyCell.swift in Sources */ = {isa = PBXBuildFile; fileRef = 9DA8CE271A56CB86000065AE /* MyCell.swift */; };
		9DA8CE2A1A56CC42000065AE /* MyCellD.xib in Resources */ = {isa = PBXBuildFile; fileRef = 9DA8CE291A56CC42000065AE /* MyCellD.xib */; };
		9DB8ED871A56F47100BB3A2F /* nm.jpg in Resources */ = {isa = PBXBuildFile; fileRef = 9DB8ED861A56F47100BB3A2F /* nm.jpg */; };
		9DC597B11A405C9D0004BA92 /* CoreDataHelper.swift in Sources */ = {isa = PBXBuildFile; fileRef = 9DC597B01A405C9D0004BA92 /* CoreDataHelper.swift */; };
		9DC597B31A442D660004BA92 /* Member.swift in Sources */ = {isa = PBXBuildFile; fileRef = 9DC597B21A442D660004BA92 /* Member.swift */; };
		9DC597B51A442D670004BA92 /* Family.swift in Sources */ = {isa = PBXBuildFile; fileRef = 9DC597B41A442D670004BA92 /* Family.swift */; };
		9DC597B71A4434AF0004BA92 /* NetWorker.swift in Sources */ = {isa = PBXBuildFile; fileRef = 9DC597B61A4434AF0004BA92 /* NetWorker.swift */; };
		9DC597BB1A455BC50004BA92 /* SwiftyJSON.swift in Sources */ = {isa = PBXBuildFile; fileRef = 9DC597BA1A455BC50004BA92 /* SwiftyJSON.swift */; };
/* End PBXBuildFile section */

/* Begin PBXContainerItemProxy section */
		9D37B4681A3FE6FE00B13AAD /* PBXContainerItemProxy */ = {
			isa = PBXContainerItemProxy;
			containerPortal = 9D37B4451A3FE6FE00B13AAD /* Project object */;
			proxyType = 1;
			remoteGlobalIDString = 9D37B44C1A3FE6FE00B13AAD;
			remoteInfo = WeatherAll;
		};
/* End PBXContainerItemProxy section */

/* Begin PBXFileReference section */
		9D37B44D1A3FE6FE00B13AAD /* WeatherAll.app */ = {isa = PBXFileReference; explicitFileType = wrapper.application; includeInIndex = 0; path = WeatherAll.app; sourceTree = BUILT_PRODUCTS_DIR; };
		9D37B4511A3FE6FE00B13AAD /* Info.plist */ = {isa = PBXFileReference; lastKnownFileType = text.plist.xml; path = Info.plist; sourceTree = "<group>"; };
		9D37B4521A3FE6FE00B13AAD /* AppDelegate.swift */ = {isa = PBXFileReference; lastKnownFileType = sourcecode.swift; path = AppDelegate.swift; sourceTree = "<group>"; };
		9D37B4551A3FE6FE00B13AAD /* WeatherAll.xcdatamodel */ = {isa = PBXFileReference; lastKnownFileType = wrapper.xcdatamodel; path = WeatherAll.xcdatamodel; sourceTree = "<group>"; };
		9D37B4571A3FE6FE00B13AAD /* MasterViewController.swift */ = {isa = PBXFileReference; lastKnownFileType = sourcecode.swift; path = MasterViewController.swift; sourceTree = "<group>"; };
		9D37B4591A3FE6FE00B13AAD /* DetailViewController.swift */ = {isa = PBXFileReference; lastKnownFileType = sourcecode.swift; path = DetailViewController.swift; sourceTree = "<group>"; };
		9D37B45C1A3FE6FE00B13AAD /* Base */ = {isa = PBXFileReference; lastKnownFileType = file.storyboard; name = Base; path = Base.lproj/Main.storyboard; sourceTree = "<group>"; };
		9D37B45E1A3FE6FE00B13AAD /* Images.xcassets */ = {isa = PBXFileReference; lastKnownFileType = folder.assetcatalog; path = Images.xcassets; sourceTree = "<group>"; };
		9D37B4611A3FE6FE00B13AAD /* Base */ = {isa = PBXFileReference; lastKnownFileType = file.xib; name = Base; path = Base.lproj/LaunchScreen.xib; sourceTree = "<group>"; };
		9D37B4671A3FE6FE00B13AAD /* WeatherAllTests.xctest */ = {isa = PBXFileReference; explicitFileType = wrapper.cfbundle; includeInIndex = 0; path = WeatherAllTests.xctest; sourceTree = BUILT_PRODUCTS_DIR; };
		9D37B46C1A3FE6FE00B13AAD /* Info.plist */ = {isa = PBXFileReference; lastKnownFileType = text.plist.xml; path = Info.plist; sourceTree = "<group>"; };
		9D37B46D1A3FE6FE00B13AAD /* WeatherAllTests.swift */ = {isa = PBXFileReference; lastKnownFileType = sourcecode.swift; path = WeatherAllTests.swift; sourceTree = "<group>"; };
		9D8E40161A4034F0006901A0 /* HTTPRequestSerializer.swift */ = {isa = PBXFileReference; fileEncoding = 4; lastKnownFileType = sourcecode.swift; path = HTTPRequestSerializer.swift; sourceTree = "<group>"; };
		9D8E40171A4034F0006901A0 /* HTTPResponseSerializer.swift */ = {isa = PBXFileReference; fileEncoding = 4; lastKnownFileType = sourcecode.swift; path = HTTPResponseSerializer.swift; sourceTree = "<group>"; };
		9D8E40181A4034F0006901A0 /* HTTPTask.swift */ = {isa = PBXFileReference; fileEncoding = 4; lastKnownFileType = sourcecode.swift; path = HTTPTask.swift; sourceTree = "<group>"; };
		9D8E40191A4034F0006901A0 /* HTTPUpload.swift */ = {isa = PBXFileReference; fileEncoding = 4; lastKnownFileType = sourcecode.swift; path = HTTPUpload.swift; sourceTree = "<group>"; };
		9D8E401A1A4034F0006901A0 /* SwiftHTTP.h */ = {isa = PBXFileReference; fileEncoding = 4; lastKnownFileType = sourcecode.c.h; path = SwiftHTTP.h; sourceTree = "<group>"; };
		9D8E401F1A403705006901A0 /* ZhihuNewsItem.swift */ = {isa = PBXFileReference; fileEncoding = 4; lastKnownFileType = sourcecode.swift; path = ZhihuNewsItem.swift; sourceTree = "<group>"; };
		9DA8CE211A56789C000065AE /* grapes.ico */ = {isa = PBXFileReference; lastKnownFileType = image.ico; path = grapes.ico; sourceTree = "<group>"; };
		9DA8CE231A5684A4000065AE /* nn.jpg */ = {isa = PBXFileReference; lastKnownFileType = image.jpeg; path = nn.jpg; sourceTree = "<group>"; };
		9DA8CE271A56CB86000065AE /* MyCell.swift */ = {isa = PBXFileReference; fileEncoding = 4; lastKnownFileType = sourcecode.swift; path = MyCell.swift; sourceTree = "<group>"; };
		9DA8CE291A56CC42000065AE /* MyCellD.xib */ = {isa = PBXFileReference; fileEncoding = 4; lastKnownFileType = file.xib; path = MyCellD.xib; sourceTree = "<group>"; };
		9DB8ED861A56F47100BB3A2F /* nm.jpg */ = {isa = PBXFileReference; lastKnownFileType = image.jpeg; path = nm.jpg; sourceTree = "<group>"; };
		9DC597B01A405C9D0004BA92 /* CoreDataHelper.swift */ = {isa = PBXFileReference; fileEncoding = 4; lastKnownFileType = sourcecode.swift; path = CoreDataHelper.swift; sourceTree = "<group>"; };
		9DC597B21A442D660004BA92 /* Member.swift */ = {isa = PBXFileReference; fileEncoding = 4; lastKnownFileType = sourcecode.swift; name = Member.swift; path = WeatherAll/Member.swift; sourceTree = "<group>"; };
		9DC597B41A442D670004BA92 /* Family.swift */ = {isa = PBXFileReference; fileEncoding = 4; lastKnownFileType = sourcecode.swift; name = Family.swift; path = WeatherAll/Family.swift; sourceTree = "<group>"; };
		9DC597B61A4434AF0004BA92 /* NetWorker.swift */ = {isa = PBXFileReference; fileEncoding = 4; lastKnownFileType = sourcecode.swift; path = NetWorker.swift; sourceTree = "<group>"; };
		9DC597BA1A455BC50004BA92 /* SwiftyJSON.swift */ = {isa = PBXFileReference; fileEncoding = 4; lastKnownFileType = sourcecode.swift; path = SwiftyJSON.swift; sourceTree = "<group>"; };
		9DC597BC1A455BD00004BA92 /* SwiftyJSON.h */ = {isa = PBXFileReference; fileEncoding = 4; lastKnownFileType = sourcecode.c.h; path = SwiftyJSON.h; sourceTree = "<group>"; };
/* End PBXFileReference section */

/* Begin PBXFrameworksBuildPhase section */
		9D37B44A1A3FE6FE00B13AAD /* Frameworks */ = {
			isa = PBXFrameworksBuildPhase;
			buildActionMask = 2147483647;
			files = (
			);
			runOnlyForDeploymentPostprocessing = 0;
		};
		9D37B4641A3FE6FE00B13AAD /* Frameworks */ = {
			isa = PBXFrameworksBuildPhase;
			buildActionMask = 2147483647;
			files = (
			);
			runOnlyForDeploymentPostprocessing = 0;
		};
/* End PBXFrameworksBuildPhase section */

/* Begin PBXGroup section */
		9D37B4441A3FE6FE00B13AAD = {
			isa = PBXGroup;
			children = (
				9D8E40151A4034F0006901A0 /* http */,
				9DC597B91A455BA50004BA92 /* SwiftJson */,
				9DC597AB1A405B6C0004BA92 /* models */,
				9D37B44F1A3FE6FE00B13AAD /* WeatherAll */,
				9D37B46A1A3FE6FE00B13AAD /* WeatherAllTests */,
				9D37B44E1A3FE6FE00B13AAD /* Products */,
			);
			sourceTree = "<group>";
		};
		9D37B44E1A3FE6FE00B13AAD /* Products */ = {
			isa = PBXGroup;
			children = (
				9D37B44D1A3FE6FE00B13AAD /* WeatherAll.app */,
				9D37B4671A3FE6FE00B13AAD /* WeatherAllTests.xctest */,
			);
			name = Products;
			sourceTree = "<group>";
		};
		9D37B44F1A3FE6FE00B13AAD /* WeatherAll */ = {
			isa = PBXGroup;
			children = (
				9DB8ED861A56F47100BB3A2F /* nm.jpg */,
				9DA8CE211A56789C000065AE /* grapes.ico */,
				9DA8CE231A5684A4000065AE /* nn.jpg */,
				9D37B4521A3FE6FE00B13AAD /* AppDelegate.swift */,
				9D37B4571A3FE6FE00B13AAD /* MasterViewController.swift */,
				9D37B4591A3FE6FE00B13AAD /* DetailViewController.swift */,
				9D37B45B1A3FE6FE00B13AAD /* Main.storyboard */,
				9D37B45E1A3FE6FE00B13AAD /* Images.xcassets */,
				9D37B4601A3FE6FE00B13AAD /* LaunchScreen.xib */,
				9D37B4541A3FE6FE00B13AAD /* WeatherAll.xcdatamodeld */,
				9D37B4501A3FE6FE00B13AAD /* Supporting Files */,
				9D8E401F1A403705006901A0 /* ZhihuNewsItem.swift */,
				9DC597B01A405C9D0004BA92 /* CoreDataHelper.swift */,
				9DC597B61A4434AF0004BA92 /* NetWorker.swift */,
				9DA8CE271A56CB86000065AE /* MyCell.swift */,
				9DA8CE291A56CC42000065AE /* MyCellD.xib */,
			);
			path = WeatherAll;
			sourceTree = "<group>";
		};
		9D37B4501A3FE6FE00B13AAD /* Supporting Files */ = {
			isa = PBXGroup;
			children = (
				9D37B4511A3FE6FE00B13AAD /* Info.plist */,
			);
			name = "Supporting Files";
			sourceTree = "<group>";
		};
		9D37B46A1A3FE6FE00B13AAD /* WeatherAllTests */ = {
			isa = PBXGroup;
			children = (
				9D37B46D1A3FE6FE00B13AAD /* WeatherAllTests.swift */,
				9D37B46B1A3FE6FE00B13AAD /* Supporting Files */,
			);
			path = WeatherAllTests;
			sourceTree = "<group>";
		};
		9D37B46B1A3FE6FE00B13AAD /* Supporting Files */ = {
			isa = PBXGroup;
			children = (
				9D37B46C1A3FE6FE00B13AAD /* Info.plist */,
			);
			name = "Supporting Files";
			sourceTree = "<group>";
		};
		9D8E40151A4034F0006901A0 /* http */ = {
			isa = PBXGroup;
			children = (
				9D8E40161A4034F0006901A0 /* HTTPRequestSerializer.swift */,
				9D8E40171A4034F0006901A0 /* HTTPResponseSerializer.swift */,
				9D8E40181A4034F0006901A0 /* HTTPTask.swift */,
				9D8E40191A4034F0006901A0 /* HTTPUpload.swift */,
				9D8E401A1A4034F0006901A0 /* SwiftHTTP.h */,
			);
			name = http;
			path = WeatherAll/http;
			sourceTree = "<group>";
		};
		9DC597AB1A405B6C0004BA92 /* models */ = {
			isa = PBXGroup;
			children = (
				9DC597B41A442D670004BA92 /* Family.swift */,
				9DC597B21A442D660004BA92 /* Member.swift */,
			);
			name = models;
			sourceTree = "<group>";
		};
		9DC597B91A455BA50004BA92 /* SwiftJson */ = {
			isa = PBXGroup;
			children = (
				9DC597BC1A455BD00004BA92 /* SwiftyJSON.h */,
				9DC597BA1A455BC50004BA92 /* SwiftyJSON.swift */,
			);
			name = SwiftJson;
			path = WeatherAll/SwiftJson;
			sourceTree = "<group>";
		};
/* End PBXGroup section */

/* Begin PBXNativeTarget section */
		9D37B44C1A3FE6FE00B13AAD /* WeatherAll */ = {
			isa = PBXNativeTarget;
			buildConfigurationList = 9D37B4711A3FE6FE00B13AAD /* Build configuration list for PBXNativeTarget "WeatherAll" */;
			buildPhases = (
				9D37B4491A3FE6FE00B13AAD /* Sources */,
				9D37B44A1A3FE6FE00B13AAD /* Frameworks */,
				9D37B44B1A3FE6FE00B13AAD /* Resources */,
			);
			buildRules = (
			);
			dependencies = (
			);
			name = WeatherAll;
			productName = WeatherAll;
			productReference = 9D37B44D1A3FE6FE00B13AAD /* WeatherAll.app */;
			productType = "com.apple.product-type.application";
		};
		9D37B4661A3FE6FE00B13AAD /* WeatherAllTests */ = {
			isa = PBXNativeTarget;
			buildConfigurationList = 9D37B4741A3FE6FE00B13AAD /* Build configuration list for PBXNativeTarget "WeatherAllTests" */;
			buildPhases = (
				9D37B4631A3FE6FE00B13AAD /* Sources */,
				9D37B4641A3FE6FE00B13AAD /* Frameworks */,
				9D37B4651A3FE6FE00B13AAD /* Resources */,
			);
			buildRules = (
			);
			dependencies = (
				9D37B4691A3FE6FE00B13AAD /* PBXTargetDependency */,
			);
			name = WeatherAllTests;
			productName = WeatherAllTests;
			productReference = 9D37B4671A3FE6FE00B13AAD /* WeatherAllTests.xctest */;
			productType = "com.apple.product-type.bundle.unit-test";
		};
/* End PBXNativeTarget section */

/* Begin PBXProject section */
		9D37B4451A3FE6FE00B13AAD /* Project object */ = {
			isa = PBXProject;
			attributes = {
				LastUpgradeCheck = 0610;
				ORGANIZATIONNAME = Grapestree;
				TargetAttributes = {
					9D37B44C1A3FE6FE00B13AAD = {
						CreatedOnToolsVersion = 6.1.1;
					};
					9D37B4661A3FE6FE00B13AAD = {
						CreatedOnToolsVersion = 6.1.1;
						TestTargetID = 9D37B44C1A3FE6FE00B13AAD;
					};
				};
			};
			buildConfigurationList = 9D37B4481A3FE6FE00B13AAD /* Build configuration list for PBXProject "WeatherAll" */;
			compatibilityVersion = "Xcode 3.2";
			developmentRegion = English;
			hasScannedForEncodings = 0;
			knownRegions = (
				en,
				Base,
			);
			mainGroup = 9D37B4441A3FE6FE00B13AAD;
			productRefGroup = 9D37B44E1A3FE6FE00B13AAD /* Products */;
			projectDirPath = "";
			projectRoot = "";
			targets = (
				9D37B44C1A3FE6FE00B13AAD /* WeatherAll */,
				9D37B4661A3FE6FE00B13AAD /* WeatherAllTests */,
			);
		};
/* End PBXProject section */

/* Begin PBXResourcesBuildPhase section */
		9D37B44B1A3FE6FE00B13AAD /* Resources */ = {
			isa = PBXResourcesBuildPhase;
			buildActionMask = 2147483647;
			files = (
				9D37B45D1A3FE6FE00B13AAD /* Main.storyboard in Resources */,
				9DA8CE221A56789C000065AE /* grapes.ico in Resources */,
				9DB8ED871A56F47100BB3A2F /* nm.jpg in Resources */,
				9DA8CE2A1A56CC42000065AE /* MyCellD.xib in Resources */,
				9D37B4621A3FE6FE00B13AAD /* LaunchScreen.xib in Resources */,
				9DA8CE241A5684A4000065AE /* nn.jpg in Resources */,
				9D37B45F1A3FE6FE00B13AAD /* Images.xcassets in Resources */,
			);
			runOnlyForDeploymentPostprocessing = 0;
		};
		9D37B4651A3FE6FE00B13AAD /* Resources */ = {
			isa = PBXResourcesBuildPhase;
			buildActionMask = 2147483647;
			files = (
			);
			runOnlyForDeploymentPostprocessing = 0;
		};
/* End PBXResourcesBuildPhase section */

/* Begin PBXSourcesBuildPhase section */
		9D37B4491A3FE6FE00B13AAD /* Sources */ = {
			isa = PBXSourcesBuildPhase;
			buildActionMask = 2147483647;
			files = (
				9D8E401E1A4034F0006901A0 /* HTTPUpload.swift in Sources */,
				9DC597B71A4434AF0004BA92 /* NetWorker.swift in Sources */,
				9D8E401D1A4034F0006901A0 /* HTTPTask.swift in Sources */,
				9D37B4561A3FE6FE00B13AAD /* WeatherAll.xcdatamodeld in Sources */,
				9D37B4531A3FE6FE00B13AAD /* AppDelegate.swift in Sources */,
				9DC597BB1A455BC50004BA92 /* SwiftyJSON.swift in Sources */,
				9DA8CE281A56CB86000065AE /* MyCell.swift in Sources */,
				9D8E401C1A4034F0006901A0 /* HTTPResponseSerializer.swift in Sources */,
				9DC597B51A442D670004BA92 /* Family.swift in Sources */,
				9DC597B11A405C9D0004BA92 /* CoreDataHelper.swift in Sources */,
				9D8E401B1A4034F0006901A0 /* HTTPRequestSerializer.swift in Sources */,
				9D8E40201A403705006901A0 /* ZhihuNewsItem.swift in Sources */,
				9D37B4581A3FE6FE00B13AAD /* MasterViewController.swift in Sources */,
				9D37B45A1A3FE6FE00B13AAD /* DetailViewController.swift in Sources */,
				9DC597B31A442D660004BA92 /* Member.swift in Sources */,
			);
			runOnlyForDeploymentPostprocessing = 0;
		};
		9D37B4631A3FE6FE00B13AAD /* Sources */ = {
			isa = PBXSourcesBuildPhase;
			buildActionMask = 2147483647;
			files = (
				9D37B46E1A3FE6FE00B13AAD /* WeatherAllTests.swift in Sources */,
			);
			runOnlyForDeploymentPostprocessing = 0;
		};
/* End PBXSourcesBuildPhase section */

/* Begin PBXTargetDependency section */
		9D37B4691A3FE6FE00B13AAD /* PBXTargetDependency */ = {
			isa = PBXTargetDependency;
			target = 9D37B44C1A3FE6FE00B13AAD /* WeatherAll */;
			targetProxy = 9D37B4681A3FE6FE00B13AAD /* PBXContainerItemProxy */;
		};
/* End PBXTargetDependency section */

/* Begin PBXVariantGroup section */
		9D37B45B1A3FE6FE00B13AAD /* Main.storyboard */ = {
			isa = PBXVariantGroup;
			children = (
				9D37B45C1A3FE6FE00B13AAD /* Base */,
			);
			name = Main.storyboard;
			sourceTree = "<group>";
		};
		9D37B4601A3FE6FE00B13AAD /* LaunchScreen.xib */ = {
			isa = PBXVariantGroup;
			children = (
				9D37B4611A3FE6FE00B13AAD /* Base */,
			);
			name = LaunchScreen.xib;
			sourceTree = "<group>";
		};
/* End PBXVariantGroup section */

/* Begin XCBuildConfiguration section */
		9D37B46F1A3FE6FE00B13AAD /* Debug */ = {
			isa = XCBuildConfiguration;
			buildSettings = {
				ALWAYS_SEARCH_USER_PATHS = NO;
				CLANG_CXX_LANGUAGE_STANDARD = "gnu++0x";
				CLANG_CXX_LIBRARY = "libc++";
				CLANG_ENABLE_MODULES = YES;
				CLANG_ENABLE_OBJC_ARC = YES;
				CLANG_WARN_BOOL_CONVERSION = YES;
				CLANG_WARN_CONSTANT_CONVERSION = YES;
				CLANG_WARN_DIRECT_OBJC_ISA_USAGE = YES_ERROR;
				CLANG_WARN_EMPTY_BODY = YES;
				CLANG_WARN_ENUM_CONVERSION = YES;
				CLANG_WARN_INT_CONVERSION = YES;
				CLANG_WARN_OBJC_ROOT_CLASS = YES_ERROR;
				CLANG_WARN_UNREACHABLE_CODE = YES;
				CLANG_WARN__DUPLICATE_METHOD_MATCH = YES;
				"CODE_SIGN_IDENTITY[sdk=iphoneos*]" = "iPhone Developer";
				COPY_PHASE_STRIP = NO;
				ENABLE_STRICT_OBJC_MSGSEND = YES;
				GCC_C_LANGUAGE_STANDARD = gnu99;
				GCC_DYNAMIC_NO_PIC = NO;
				GCC_OPTIMIZATION_LEVEL = 0;
				GCC_PREPROCESSOR_DEFINITIONS = (
					"DEBUG=1",
					"$(inherited)",
				);
				GCC_SYMBOLS_PRIVATE_EXTERN = NO;
				GCC_WARN_64_TO_32_BIT_CONVERSION = YES;
				GCC_WARN_ABOUT_RETURN_TYPE = YES_ERROR;
				GCC_WARN_UNDECLARED_SELECTOR = YES;
				GCC_WARN_UNINITIALIZED_AUTOS = YES_AGGRESSIVE;
				GCC_WARN_UNUSED_FUNCTION = YES;
				GCC_WARN_UNUSED_VARIABLE = YES;
				IPHONEOS_DEPLOYMENT_TARGET = 8.1;
				MTL_ENABLE_DEBUG_INFO = YES;
				ONLY_ACTIVE_ARCH = YES;
				SDKROOT = iphoneos;
				SWIFT_OPTIMIZATION_LEVEL = "-Onone";
			};
			name = Debug;
		};
		9D37B4701A3FE6FE00B13AAD /* Release */ = {
			isa = XCBuildConfiguration;
			buildSettings = {
				ALWAYS_SEARCH_USER_PATHS = NO;
				CLANG_CXX_LANGUAGE_STANDARD = "gnu++0x";
				CLANG_CXX_LIBRARY = "libc++";
				CLANG_ENABLE_MODULES = YES;
				CLANG_ENABLE_OBJC_ARC = YES;
				CLANG_WARN_BOOL_CONVERSION = YES;
				CLANG_WARN_CONSTANT_CONVERSION = YES;
				CLANG_WARN_DIRECT_OBJC_ISA_USAGE = YES_ERROR;
				CLANG_WARN_EMPTY_BODY = YES;
				CLANG_WARN_ENUM_CONVERSION = YES;
				CLANG_WARN_INT_CONVERSION = YES;
				CLANG_WARN_OBJC_ROOT_CLASS = YES_ERROR;
				CLANG_WARN_UNREACHABLE_CODE = YES;
				CLANG_WARN__DUPLICATE_METHOD_MATCH = YES;
				"CODE_SIGN_IDENTITY[sdk=iphoneos*]" = "iPhone Developer";
				COPY_PHASE_STRIP = YES;
				ENABLE_NS_ASSERTIONS = NO;
				ENABLE_STRICT_OBJC_MSGSEND = YES;
				GCC_C_LANGUAGE_STANDARD = gnu99;
				GCC_WARN_64_TO_32_BIT_CONVERSION = YES;
				GCC_WARN_ABOUT_RETURN_TYPE = YES_ERROR;
				GCC_WARN_UNDECLARED_SELECTOR = YES;
				GCC_WARN_UNINITIALIZED_AUTOS = YES_AGGRESSIVE;
				GCC_WARN_UNUSED_FUNCTION = YES;
				GCC_WARN_UNUSED_VARIABLE = YES;
				IPHONEOS_DEPLOYMENT_TARGET = 8.1;
				MTL_ENABLE_DEBUG_INFO = NO;
				SDKROOT = iphoneos;
				VALIDATE_PRODUCT = YES;
			};
			name = Release;
		};
		9D37B4721A3FE6FE00B13AAD /* Debug */ = {
			isa = XCBuildConfiguration;
			buildSettings = {
				ASSETCATALOG_COMPILER_APPICON_NAME = AppIcon;
				INFOPLIST_FILE = WeatherAll/Info.plist;
				LD_RUNPATH_SEARCH_PATHS = "$(inherited) @executable_path/Frameworks";
				PRODUCT_NAME = "$(TARGET_NAME)";
			};
			name = Debug;
		};
		9D37B4731A3FE6FE00B13AAD /* Release */ = {
			isa = XCBuildConfiguration;
			buildSettings = {
				ASSETCATALOG_COMPILER_APPICON_NAME = AppIcon;
				INFOPLIST_FILE = WeatherAll/Info.plist;
				LD_RUNPATH_SEARCH_PATHS = "$(inherited) @executable_path/Frameworks";
				PRODUCT_NAME = "$(TARGET_NAME)";
			};
			name = Release;
		};
		9D37B4751A3FE6FE00B13AAD /* Debug */ = {
			isa = XCBuildConfiguration;
			buildSettings = {
				BUNDLE_LOADER = "$(TEST_HOST)";
				FRAMEWORK_SEARCH_PATHS = (
					"$(SDKROOT)/Developer/Library/Frameworks",
					"$(inherited)",
				);
				GCC_PREPROCESSOR_DEFINITIONS = (
					"DEBUG=1",
					"$(inherited)",
				);
				INFOPLIST_FILE = WeatherAllTests/Info.plist;
				LD_RUNPATH_SEARCH_PATHS = "$(inherited) @executable_path/Frameworks @loader_path/Frameworks";
				PRODUCT_NAME = "$(TARGET_NAME)";
				TEST_HOST = "$(BUILT_PRODUCTS_DIR)/WeatherAll.app/WeatherAll";
			};
			name = Debug;
		};
		9D37B4761A3FE6FE00B13AAD /* Release */ = {
			isa = XCBuildConfiguration;
			buildSettings = {
				BUNDLE_LOADER = "$(TEST_HOST)";
				FRAMEWORK_SEARCH_PATHS = (
					"$(SDKROOT)/Developer/Library/Frameworks",
					"$(inherited)",
				);
				INFOPLIST_FILE = WeatherAllTests/Info.plist;
				LD_RUNPATH_SEARCH_PATHS = "$(inherited) @executable_path/Frameworks @loader_path/Frameworks";
				PRODUCT_NAME = "$(TARGET_NAME)";
				TEST_HOST = "$(BUILT_PRODUCTS_DIR)/WeatherAll.app/WeatherAll";
			};
			name = Release;
		};
/* End XCBuildConfiguration section */

/* Begin XCConfigurationList section */
		9D37B4481A3FE6FE00B13AAD /* Build configuration list for PBXProject "WeatherAll" */ = {
			isa = XCConfigurationList;
			buildConfigurations = (
				9D37B46F1A3FE6FE00B13AAD /* Debug */,
				9D37B4701A3FE6FE00B13AAD /* Release */,
			);
			defaultConfigurationIsVisible = 0;
			defaultConfigurationName = Release;
		};
		9D37B4711A3FE6FE00B13AAD /* Build configuration list for PBXNativeTarget "WeatherAll" */ = {
			isa = XCConfigurationList;
			buildConfigurations = (
				9D37B4721A3FE6FE00B13AAD /* Debug */,
				9D37B4731A3FE6FE00B13AAD /* Release */,
			);
			defaultConfigurationIsVisible = 0;
			defaultConfigurationName = Release;
		};
		9D37B4741A3FE6FE00B13AAD /* Build configuration list for PBXNativeTarget "WeatherAllTests" */ = {
			isa = XCConfigurationList;
			buildConfigurations = (
				9D37B4751A3FE6FE00B13AAD /* Debug */,
				9D37B4761A3FE6FE00B13AAD /* Release */,
			);
			defaultConfigurationIsVisible = 0;
			defaultConfigurationName = Release;
		};
/* End XCConfigurationList section */

/* Begin XCVersionGroup section */
		9D37B4541A3FE6FE00B13AAD /* WeatherAll.xcdatamodeld */ = {
			isa = XCVersionGroup;
			children = (
				9D37B4551A3FE6FE00B13AAD /* WeatherAll.xcdatamodel */,
			);
			currentVersion = 9D37B4551A3FE6FE00B13AAD /* WeatherAll.xcdatamodel */;
			path = WeatherAll.xcdatamodeld;
			sourceTree = "<group>";
			versionGroupType = wrapper.xcdatamodel;
		};
/* End XCVersionGroup section */
	};
	rootObject = 9D37B4451A3FE6FE00B13AAD /* Project object */;
}
